
Microsoft Visual Studio Solution File, Format Version 12.00
# Visual Studio Version 17
VisualStudioVersion = 17.7.34031.279
MinimumVisualStudioVersion = 10.0.40219.1
Project("{FAE04EC0-301F-11D3-BF4B-00C04F79EFBC}") = "Dtat_protection_forms", "Dtat_protection_forms.csproj", "{2F3E2CD8-BB96-43C2-8C65-83B38C28521E}"
EndProject
Global
	GlobalSection(SolutionConfigurationPlatforms) = preSolution
		Debug|Any CPU = Debug|Any CPU
		Release|Any CPU = Release|Any CPU
	EndGlobalSection
	GlobalSection(ProjectConfigurationPlatforms) = postSolution
		{2F3E2CD8-BB96-43C2-8C65-83B38C28521E}.Debug|Any CPU.ActiveCfg = Debug|Any CPU
		{2F3E2CD8-BB96-43C2-8C65-83B38C28521E}.Debug|Any CPU.Build.0 = Debug|Any CPU
		{2F3E2CD8-BB96-43C2-8C65-83B38C28521E}.Release|Any CPU.ActiveCfg = Release|Any CPU
		{2F3E2CD8-BB96-43C2-8C65-83B38C28521E}.Release|Any CPU.Build.0 = Release|Any CPU
	EndGlobalSection
	GlobalSection(SolutionProperties) = preSolution
		HideSolutionNode = FALSE
	EndGlobalSection
	GlobalSection(ExtensibilityGlobals) = postSolution
		SolutionGuid = {9942D6E0-2BAF-436B-9B06-FA79898CF12D}
	EndGlobalSection
EndGlobal
